// !$*UTF8*$!
{
	archiveVersion = 1;
	classes = {
	};
	objectVersion = 50;
	objects = {

/* Begin PBXBuildFile section */
		CB608848238F2632003D0402 /* AppDelegate.swift in Sources */ = {isa = PBXBuildFile; fileRef = CB608847238F2632003D0402 /* AppDelegate.swift */; };
		CB60884A238F2632003D0402 /* SceneDelegate.swift in Sources */ = {isa = PBXBuildFile; fileRef = CB608849238F2632003D0402 /* SceneDelegate.swift */; };
		CB60884F238F2632003D0402 /* Main.storyboard in Resources */ = {isa = PBXBuildFile; fileRef = CB60884D238F2632003D0402 /* Main.storyboard */; };
		CB608851238F2639003D0402 /* Assets.xcassets in Resources */ = {isa = PBXBuildFile; fileRef = CB608850238F2639003D0402 /* Assets.xcassets */; };
		CB608854238F2639003D0402 /* LaunchScreen.storyboard in Resources */ = {isa = PBXBuildFile; fileRef = CB608852238F2639003D0402 /* LaunchScreen.storyboard */; };
		CB60885F238F2639003D0402 /* Stop_WatchTests.swift in Sources */ = {isa = PBXBuildFile; fileRef = CB60885E238F2639003D0402 /* Stop_WatchTests.swift */; };
		CB60886A238F2639003D0402 /* Stop_WatchUITests.swift in Sources */ = {isa = PBXBuildFile; fileRef = CB608869238F2639003D0402 /* Stop_WatchUITests.swift */; };
		CB608878238F281A003D0402 /* StopWatchViewController.swift in Sources */ = {isa = PBXBuildFile; fileRef = CB608877238F281A003D0402 /* StopWatchViewController.swift */; };
/* End PBXBuildFile section */

/* Begin PBXContainerItemProxy section */
		CB60885B238F2639003D0402 /* PBXContainerItemProxy */ = {
			isa = PBXContainerItemProxy;
			containerPortal = CB60883C238F2632003D0402 /* Project object */;
			proxyType = 1;
			remoteGlobalIDString = CB608843238F2632003D0402;
			remoteInfo = "Stop Watch";
		};
		CB608866238F2639003D0402 /* PBXContainerItemProxy */ = {
			isa = PBXContainerItemProxy;
			containerPortal = CB60883C238F2632003D0402 /* Project object */;
			proxyType = 1;
			remoteGlobalIDString = CB608843238F2632003D0402;
			remoteInfo = "Stop Watch";
		};
/* End PBXContainerItemProxy section */

/* Begin PBXFileReference section */
		CB608844238F2632003D0402 /* Stop Watch.app */ = {isa = PBXFileReference; explicitFileType = wrapper.application; includeInIndex = 0; path = "Stop Watch.app"; sourceTree = BUILT_PRODUCTS_DIR; };
		CB608847238F2632003D0402 /* AppDelegate.swift */ = {isa = PBXFileReference; lastKnownFileType = sourcecode.swift; path = AppDelegate.swift; sourceTree = "<group>"; };
		CB608849238F2632003D0402 /* SceneDelegate.swift */ = {isa = PBXFileReference; lastKnownFileType = sourcecode.swift; path = SceneDelegate.swift; sourceTree = "<group>"; };
		CB60884E238F2632003D0402 /* Base */ = {isa = PBXFileReference; lastKnownFileType = file.storyboard; name = Base; path = Base.lproj/Main.storyboard; sourceTree = "<group>"; };
		CB608850238F2639003D0402 /* Assets.xcassets */ = {isa = PBXFileReference; lastKnownFileType = folder.assetcatalog; path = Assets.xcassets; sourceTree = "<group>"; };
		CB608853238F2639003D0402 /* Base */ = {isa = PBXFileReference; lastKnownFileType = file.storyboard; name = Base; path = Base.lproj/LaunchScreen.storyboard; sourceTree = "<group>"; };
		CB608855238F2639003D0402 /* Info.plist */ = {isa = PBXFileReference; lastKnownFileType = text.plist.xml; path = Info.plist; sourceTree = "<group>"; };
		CB60885A238F2639003D0402 /* Stop WatchTests.xctest */ = {isa = PBXFileReference; explicitFileType = wrapper.cfbundle; includeInIndex = 0; path = "Stop WatchTests.xctest"; sourceTree = BUILT_PRODUCTS_DIR; };
		CB60885E238F2639003D0402 /* Stop_WatchTests.swift */ = {isa = PBXFileReference; lastKnownFileType = sourcecode.swift; path = Stop_WatchTests.swift; sourceTree = "<group>"; };
		CB608860238F2639003D0402 /* Info.plist */ = {isa = PBXFileReference; lastKnownFileType = text.plist.xml; path = Info.plist; sourceTree = "<group>"; };
		CB608865238F2639003D0402 /* Stop WatchUITests.xctest */ = {isa = PBXFileReference; explicitFileType = wrapper.cfbundle; includeInIndex = 0; path = "Stop WatchUITests.xctest"; sourceTree = BUILT_PRODUCTS_DIR; };
		CB608869238F2639003D0402 /* Stop_WatchUITests.swift */ = {isa = PBXFileReference; lastKnownFileType = sourcecode.swift; path = Stop_WatchUITests.swift; sourceTree = "<group>"; };
		CB60886B238F2639003D0402 /* Info.plist */ = {isa = PBXFileReference; lastKnownFileType = text.plist.xml; path = Info.plist; sourceTree = "<group>"; };
		CB608877238F281A003D0402 /* StopWatchViewController.swift */ = {isa = PBXFileReference; lastKnownFileType = sourcecode.swift; path = StopWatchViewController.swift; sourceTree = "<group>"; };
/* End PBXFileReference section */

/* Begin PBXFrameworksBuildPhase section */
		CB608841238F2632003D0402 /* Frameworks */ = {
			isa = PBXFrameworksBuildPhase;
			buildActionMask = 2147483647;
			files = (
			);
			runOnlyForDeploymentPostprocessing = 0;
		};
		CB608857238F2639003D0402 /* Frameworks */ = {
			isa = PBXFrameworksBuildPhase;
			buildActionMask = 2147483647;
			files = (
			);
			runOnlyForDeploymentPostprocessing = 0;
		};
		CB608862238F2639003D0402 /* Frameworks */ = {
			isa = PBXFrameworksBuildPhase;
			buildActionMask = 2147483647;
			files = (
			);
			runOnlyForDeploymentPostprocessing = 0;
		};
/* End PBXFrameworksBuildPhase section */

/* Begin PBXGroup section */
		CB60883B238F2632003D0402 = {
			isa = PBXGroup;
			children = (
				CB608846238F2632003D0402 /* Stop Watch */,
				CB60885D238F2639003D0402 /* Stop WatchTests */,
				CB608868238F2639003D0402 /* Stop WatchUITests */,
				CB608845238F2632003D0402 /* Products */,
			);
			sourceTree = "<group>";
		};
		CB608845238F2632003D0402 /* Products */ = {
			isa = PBXGroup;
			children = (
				CB608844238F2632003D0402 /* Stop Watch.app */,
				CB60885A238F2639003D0402 /* Stop WatchTests.xctest */,
				CB608865238F2639003D0402 /* Stop WatchUITests.xctest */,
			);
			name = Products;
			sourceTree = "<group>";
		};
		CB608846238F2632003D0402 /* Stop Watch */ = {
			isa = PBXGroup;
			children = (
				CB608847238F2632003D0402 /* AppDelegate.swift */,
				CB608849238F2632003D0402 /* SceneDelegate.swift */,
				CB60884D238F2632003D0402 /* Main.storyboard */,
				CB608850238F2639003D0402 /* Assets.xcassets */,
				CB608852238F2639003D0402 /* LaunchScreen.storyboard */,
				CB608855238F2639003D0402 /* Info.plist */,
				CB608877238F281A003D0402 /* StopWatchViewController.swift */,
			);
			path = "Stop Watch";
			sourceTree = "<group>";
		};
		CB60885D238F2639003D0402 /* Stop WatchTests */ = {
			isa = PBXGroup;
			children = (
				CB60885E238F2639003D0402 /* Stop_WatchTests.swift */,
				CB608860238F2639003D0402 /* Info.plist */,
			);
			path = "Stop WatchTests";
			sourceTree = "<group>";
		};
		CB608868238F2639003D0402 /* Stop WatchUITests */ = {
			isa = PBXGroup;
			children = (
				CB608869238F2639003D0402 /* Stop_WatchUITests.swift */,
				CB60886B238F2639003D0402 /* Info.plist */,
			);
			path = "Stop WatchUITests";
			sourceTree = "<group>";
		};
/* End PBXGroup section */

/* Begin PBXNativeTarget section */
		CB608843238F2632003D0402 /* Stop Watch */ = {
			isa = PBXNativeTarget;
			buildConfigurationList = CB60886E238F2639003D0402 /* Build configuration list for PBXNativeTarget "Stop Watch" */;
			buildPhases = (
				CB608840238F2632003D0402 /* Sources */,
				CB608841238F2632003D0402 /* Frameworks */,
				CB608842238F2632003D0402 /* Resources */,
			);
			buildRules = (
			);
			dependencies = (
			);
			name = "Stop Watch";
			productName = "Stop Watch";
			productReference = CB608844238F2632003D0402 /* Stop Watch.app */;
			productType = "com.apple.product-type.application";
		};
		CB608859238F2639003D0402 /* Stop WatchTests */ = {
			isa = PBXNativeTarget;
			buildConfigurationList = CB608871238F2639003D0402 /* Build configuration list for PBXNativeTarget "Stop WatchTests" */;
			buildPhases = (
				CB608856238F2639003D0402 /* Sources */,
				CB608857238F2639003D0402 /* Frameworks */,
				CB608858238F2639003D0402 /* Resources */,
			);
			buildRules = (
			);
			dependencies = (
				CB60885C238F2639003D0402 /* PBXTargetDependency */,
			);
			name = "Stop WatchTests";
			productName = "Stop WatchTests";
			productReference = CB60885A238F2639003D0402 /* Stop WatchTests.xctest */;
			productType = "com.apple.product-type.bundle.unit-test";
		};
		CB608864238F2639003D0402 /* Stop WatchUITests */ = {
			isa = PBXNativeTarget;
			buildConfigurationList = CB608874238F2639003D0402 /* Build configuration list for PBXNativeTarget "Stop WatchUITests" */;
			buildPhases = (
				CB608861238F2639003D0402 /* Sources */,
				CB608862238F2639003D0402 /* Frameworks */,
				CB608863238F2639003D0402 /* Resources */,
			);
			buildRules = (
			);
			dependencies = (
				CB608867238F2639003D0402 /* PBXTargetDependency */,
			);
			name = "Stop WatchUITests";
			productName = "Stop WatchUITests";
			productReference = CB608865238F2639003D0402 /* Stop WatchUITests.xctest */;
			productType = "com.apple.product-type.bundle.ui-testing";
		};
/* End PBXNativeTarget section */

/* Begin PBXProject section */
		CB60883C238F2632003D0402 /* Project object */ = {
			isa = PBXProject;
			attributes = {
				LastSwiftUpdateCheck = 1100;
				LastUpgradeCheck = 1100;
				ORGANIZATIONNAME = "Oguzhan Janberk";
				TargetAttributes = {
					CB608843238F2632003D0402 = {
						CreatedOnToolsVersion = 11.0;
					};
					CB608859238F2639003D0402 = {
						CreatedOnToolsVersion = 11.0;
						TestTargetID = CB608843238F2632003D0402;
					};
					CB608864238F2639003D0402 = {
						CreatedOnToolsVersion = 11.0;
						TestTargetID = CB608843238F2632003D0402;
					};
				};
			};
			buildConfigurationList = CB60883F238F2632003D0402 /* Build configuration list for PBXProject "Stop Watch" */;
			compatibilityVersion = "Xcode 9.3";
			developmentRegion = en;
			hasScannedForEncodings = 0;
			knownRegions = (
				en,
				Base,
			);
			mainGroup = CB60883B238F2632003D0402;
			productRefGroup = CB608845238F2632003D0402 /* Products */;
			projectDirPath = "";
			projectRoot = "";
			targets = (
				CB608843238F2632003D0402 /* Stop Watch */,
				CB608859238F2639003D0402 /* Stop WatchTests */,
				CB608864238F2639003D0402 /* Stop WatchUITests */,
			);
		};
/* End PBXProject section */

/* Begin PBXResourcesBuildPhase section */
		CB608842238F2632003D0402 /* Resources */ = {
			isa = PBXResourcesBuildPhase;
			buildActionMask = 2147483647;
			files = (
				CB608854238F2639003D0402 /* LaunchScreen.storyboard in Resources */,
				CB608851238F2639003D0402 /* Assets.xcassets in Resources */,
				CB60884F238F2632003D0402 /* Main.storyboard in Resources */,
			);
			runOnlyForDeploymentPostprocessing = 0;
		};
		CB608858238F2639003D0402 /* Resources */ = {
			isa = PBXResourcesBuildPhase;
			buildActionMask = 2147483647;
			files = (
			);
			runOnlyForDeploymentPostprocessing = 0;
		};
		CB608863238F2639003D0402 /* Resources */ = {
			isa = PBXResourcesBuildPhase;
			buildActionMask = 2147483647;
			files = (
			);
			runOnlyForDeploymentPostprocessing = 0;
		};
/* End PBXResourcesBuildPhase section */

/* Begin PBXSourcesBuildPhase section */
		CB608840238F2632003D0402 /* Sources */ = {
			isa = PBXSourcesBuildPhase;
			buildActionMask = 2147483647;
			files = (
				CB608848238F2632003D0402 /* AppDelegate.swift in Sources */,
				CB608878238F281A003D0402 /* StopWatchViewController.swift in Sources */,
				CB60884A238F2632003D0402 /* SceneDelegate.swift in Sources */,
			);
			runOnlyForDeploymentPostprocessing = 0;
		};
		CB608856238F2639003D0402 /* Sources */ = {
			isa = PBXSourcesBuildPhase;
			buildActionMask = 2147483647;
			files = (
				CB60885F238F2639003D0402 /* Stop_WatchTests.swift in Sources */,
			);
			runOnlyForDeploymentPostprocessing = 0;
		};
		CB608861238F2639003D0402 /* Sources */ = {
			isa = PBXSourcesBuildPhase;
			buildActionMask = 2147483647;
			files = (
				CB60886A238F2639003D0402 /* Stop_WatchUITests.swift in Sources */,
			);
			runOnlyForDeploymentPostprocessing = 0;
		};
/* End PBXSourcesBuildPhase section */

/* Begin PBXTargetDependency section */
		CB60885C238F2639003D0402 /* PBXTargetDependency */ = {
			isa = PBXTargetDependency;
			target = CB608843238F2632003D0402 /* Stop Watch */;
			targetProxy = CB60885B238F2639003D0402 /* PBXContainerItemProxy */;
		};
		CB608867238F2639003D0402 /* PBXTargetDependency */ = {
			isa = PBXTargetDependency;
			target = CB608843238F2632003D0402 /* Stop Watch */;
			targetProxy = CB608866238F2639003D0402 /* PBXContainerItemProxy */;
		};
/* End PBXTargetDependency section */

/* Begin PBXVariantGroup section */
		CB60884D238F2632003D0402 /* Main.storyboard */ = {
			isa = PBXVariantGroup;
			children = (
				CB60884E238F2632003D0402 /* Base */,
			);
			name = Main.storyboard;
			sourceTree = "<group>";
		};
		CB608852238F2639003D0402 /* LaunchScreen.storyboard */ = {
			isa = PBXVariantGroup;
			children = (
				CB608853238F2639003D0402 /* Base */,
			);
			name = LaunchScreen.storyboard;
			sourceTree = "<group>";
		};
/* End PBXVariantGroup section */

/* Begin XCBuildConfiguration section */
		CB60886C238F2639003D0402 /* Debug */ = {
			isa = XCBuildConfiguration;
			buildSettings = {
				ALWAYS_SEARCH_USER_PATHS = NO;
				CLANG_ANALYZER_NONNULL = YES;
				CLANG_ANALYZER_NUMBER_OBJECT_CONVERSION = YES_AGGRESSIVE;
				CLANG_CXX_LANGUAGE_STANDARD = "gnu++14";
				CLANG_CXX_LIBRARY = "libc++";
				CLANG_ENABLE_MODULES = YES;
				CLANG_ENABLE_OBJC_ARC = YES;
				CLANG_ENABLE_OBJC_WEAK = YES;
				CLANG_WARN_BLOCK_CAPTURE_AUTORELEASING = YES;
				CLANG_WARN_BOOL_CONVERSION = YES;
				CLANG_WARN_COMMA = YES;
				CLANG_WARN_CONSTANT_CONVERSION = YES;
				CLANG_WARN_DEPRECATED_OBJC_IMPLEMENTATIONS = YES;
				CLANG_WARN_DIRECT_OBJC_ISA_USAGE = YES_ERROR;
				CLANG_WARN_DOCUMENTATION_COMMENTS = YES;
				CLANG_WARN_EMPTY_BODY = YES;
				CLANG_WARN_ENUM_CONVERSION = YES;
				CLANG_WARN_INFINITE_RECURSION = YES;
				CLANG_WARN_INT_CONVERSION = YES;
				CLANG_WARN_NON_LITERAL_NULL_CONVERSION = YES;
				CLANG_WARN_OBJC_IMPLICIT_RETAIN_SELF = YES;
				CLANG_WARN_OBJC_LITERAL_CONVERSION = YES;
				CLANG_WARN_OBJC_ROOT_CLASS = YES_ERROR;
				CLANG_WARN_RANGE_LOOP_ANALYSIS = YES;
				CLANG_WARN_STRICT_PROTOTYPES = YES;
				CLANG_WARN_SUSPICIOUS_MOVE = YES;
				CLANG_WARN_UNGUARDED_AVAILABILITY = YES_AGGRESSIVE;
				CLANG_WARN_UNREACHABLE_CODE = YES;
				CLANG_WARN__DUPLICATE_METHOD_MATCH = YES;
				COPY_PHASE_STRIP = NO;
				DEBUG_INFORMATION_FORMAT = dwarf;
				ENABLE_STRICT_OBJC_MSGSEND = YES;
				ENABLE_TESTABILITY = YES;
				GCC_C_LANGUAGE_STANDARD = gnu11;
				GCC_DYNAMIC_NO_PIC = NO;
				GCC_NO_COMMON_BLOCKS = YES;
				GCC_OPTIMIZATION_LEVEL = 0;
				GCC_PREPROCESSOR_DEFINITIONS = (
					"DEBUG=1",
					"$(inherited)",
				);
				GCC_WARN_64_TO_32_BIT_CONVERSION = YES;
				GCC_WARN_ABOUT_RETURN_TYPE = YES_ERROR;
				GCC_WARN_UNDECLARED_SELECTOR = YES;
				GCC_WARN_UNINITIALIZED_AUTOS = YES_AGGRESSIVE;
				GCC_WARN_UNUSED_FUNCTION = YES;
				GCC_WARN_UNUSED_VARIABLE = YES;
				IPHONEOS_DEPLOYMENT_TARGET = 13.0;
				MTL_ENABLE_DEBUG_INFO = INCLUDE_SOURCE;
				MTL_FAST_MATH = YES;
				ONLY_ACTIVE_ARCH = YES;
				SDKROOT = iphoneos;
				SWIFT_ACTIVE_COMPILATION_CONDITIONS = DEBUG;
				SWIFT_OPTIMIZATION_LEVEL = "-Onone";
			};
			name = Debug;
		};
		CB60886D238F2639003D0402 /* Release */ = {
			isa = XCBuildConfiguration;
			buildSettings = {
				ALWAYS_SEARCH_USER_PATHS = NO;
				CLANG_ANALYZER_NONNULL = YES;
				CLANG_ANALYZER_NUMBER_OBJECT_CONVERSION = YES_AGGRESSIVE;
				CLANG_CXX_LANGUAGE_STANDARD = "gnu++14";
				CLANG_CXX_LIBRARY = "libc++";
				CLANG_ENABLE_MODULES = YES;
				CLANG_ENABLE_OBJC_ARC = YES;
				CLANG_ENABLE_OBJC_WEAK = YES;
				CLANG_WARN_BLOCK_CAPTURE_AUTORELEASING = YES;
				CLANG_WARN_BOOL_CONVERSION = YES;
				CLANG_WARN_COMMA = YES;
				CLANG_WARN_CONSTANT_CONVERSION = YES;
				CLANG_WARN_DEPRECATED_OBJC_IMPLEMENTATIONS = YES;
				CLANG_WARN_DIRECT_OBJC_ISA_USAGE = YES_ERROR;
				CLANG_WARN_DOCUMENTATION_COMMENTS = YES;
				CLANG_WARN_EMPTY_BODY = YES;
				CLANG_WARN_ENUM_CONVERSION = YES;
				CLANG_WARN_INFINITE_RECURSION = YES;
				CLANG_WARN_INT_CONVERSION = YES;
				CLANG_WARN_NON_LITERAL_NULL_CONVERSION = YES;
				CLANG_WARN_OBJC_IMPLICIT_RETAIN_SELF = YES;
				CLANG_WARN_OBJC_LITERAL_CONVERSION = YES;
				CLANG_WARN_OBJC_ROOT_CLASS = YES_ERROR;
				CLANG_WARN_RANGE_LOOP_ANALYSIS = YES;
				CLANG_WARN_STRICT_PROTOTYPES = YES;
				CLANG_WARN_SUSPICIOUS_MOVE = YES;
				CLANG_WARN_UNGUARDED_AVAILABILITY = YES_AGGRESSIVE;
				CLANG_WARN_UNREACHABLE_CODE = YES;
				CLANG_WARN__DUPLICATE_METHOD_MATCH = YES;
				COPY_PHASE_STRIP = NO;
				DEBUG_INFORMATION_FORMAT = "dwarf-with-dsym";
				ENABLE_NS_ASSERTIONS = NO;
				ENABLE_STRICT_OBJC_MSGSEND = YES;
				GCC_C_LANGUAGE_STANDARD = gnu11;
				GCC_NO_COMMON_BLOCKS = YES;
				GCC_WARN_64_TO_32_BIT_CONVERSION = YES;
				GCC_WARN_ABOUT_RETURN_TYPE = YES_ERROR;
				GCC_WARN_UNDECLARED_SELECTOR = YES;
				GCC_WARN_UNINITIALIZED_AUTOS = YES_AGGRESSIVE;
				GCC_WARN_UNUSED_FUNCTION = YES;
				GCC_WARN_UNUSED_VARIABLE = YES;
				IPHONEOS_DEPLOYMENT_TARGET = 13.0;
				MTL_ENABLE_DEBUG_INFO = NO;
				MTL_FAST_MATH = YES;
				SDKROOT = iphoneos;
				SWIFT_COMPILATION_MODE = wholemodule;
				SWIFT_OPTIMIZATION_LEVEL = "-O";
				VALIDATE_PRODUCT = YES;
			};
			name = Release;
		};
		CB60886F238F2639003D0402 /* Debug */ = {
			isa = XCBuildConfiguration;
			buildSettings = {
				ASSETCATALOG_COMPILER_APPICON_NAME = AppIcon;
				CODE_SIGN_STYLE = Automatic;
				DEVELOPMENT_TEAM = GQ7482SKGQ;
				INFOPLIST_FILE = "Stop Watch/Info.plist";
				LD_RUNPATH_SEARCH_PATHS = (
					"$(inherited)",
					"@executable_path/Frameworks",
				);
				PRODUCT_BUNDLE_IDENTIFIER = "Oguzhan-Janberk.Stop-Watch";
				PRODUCT_NAME = "$(TARGET_NAME)";
				SWIFT_VERSION = 5.0;
				TARGETED_DEVICE_FAMILY = 1;
			};
			name = Debug;
		};
		CB608870238F2639003D0402 /* Release */ = {
			isa = XCBuildConfiguration;
			buildSettings = {
				ASSETCATALOG_COMPILER_APPICON_NAME = AppIcon;
				CODE_SIGN_STYLE = Automatic;
				DEVELOPMENT_TEAM = GQ7482SKGQ;
				INFOPLIST_FILE = "Stop Watch/Info.plist";
				LD_RUNPATH_SEARCH_PATHS = (
					"$(inherited)",
					"@executable_path/Frameworks",
				);
				PRODUCT_BUNDLE_IDENTIFIER = "Oguzhan-Janberk.Stop-Watch";
				PRODUCT_NAME = "$(TARGET_NAME)";
				SWIFT_VERSION = 5.0;
				TARGETED_DEVICE_FAMILY = 1;
			};
			name = Release;
		};
		CB608872238F2639003D0402 /* Debug */ = {
			isa = XCBuildConfiguration;
			buildSettings = {
				ALWAYS_EMBED_SWIFT_STANDARD_LIBRARIES = YES;
				BUNDLE_LOADER = "$(TEST_HOST)";
				CODE_SIGN_STYLE = Automatic;
				DEVELOPMENT_TEAM = GQ7482SKGQ;
				INFOPLIST_FILE = "Stop WatchTests/Info.plist";
				IPHONEOS_DEPLOYMENT_TARGET = 13.0;
				LD_RUNPATH_SEARCH_PATHS = (
					"$(inherited)",
					"@executable_path/Frameworks",
					"@loader_path/Frameworks",
				);
				PRODUCT_BUNDLE_IDENTIFIER = "Oguzhan-Janberk.Stop-WatchTests";
				PRODUCT_NAME = "$(TARGET_NAME)";
				SWIFT_VERSION = 5.0;
				TARGETED_DEVICE_FAMILY = "1,2";
				TEST_HOST = "$(BUILT_PRODUCTS_DIR)/Stop Watch.app/Stop Watch";
			};
			name = Debug;
		};
		CB608873238F2639003D0402 /* Release */ = {
			isa = XCBuildConfiguration;
			buildSettings = {
				ALWAYS_EMBED_SWIFT_STANDARD_LIBRARIES = YES;
				BUNDLE_LOADER = "$(TEST_HOST)";
				CODE_SIGN_STYLE = Automatic;
				DEVELOPMENT_TEAM = GQ7482SKGQ;
				INFOPLIST_FILE = "Stop WatchTests/Info.plist";
				IPHONEOS_DEPLOYMENT_TARGET = 13.0;
				LD_RUNPATH_SEARCH_PATHS = (
					"$(inherited)",
					"@executable_path/Frameworks",
					"@loader_path/Frameworks",
				);
				PRODUCT_BUNDLE_IDENTIFIER = "Oguzhan-Janberk.Stop-WatchTests";
				PRODUCT_NAME = "$(TARGET_NAME)";
				SWIFT_VERSION = 5.0;
				TARGETED_DEVICE_FAMILY = "1,2";
				TEST_HOST = "$(BUILT_PRODUCTS_DIR)/Stop Watch.app/Stop Watch";
			};
			name = Release;
		};
		CB608875238F2639003D0402 /* Debug */ = {
			isa = XCBuildConfiguration;
			buildSettings = {
				ALWAYS_EMBED_SWIFT_STANDARD_LIBRARIES = YES;
				CODE_SIGN_STYLE = Automatic;
				DEVELOPMENT_TEAM = GQ7482SKGQ;
				INFOPLIST_FILE = "Stop WatchUITests/Info.plist";
				LD_RUNPATH_SEARCH_PATHS = (
					"$(inherited)",
					"@executable_path/Frameworks",
					"@loader_path/Frameworks",
				);
				PRODUCT_BUNDLE_IDENTIFIER = "Oguzhan-Janberk.Stop-WatchUITests";
				PRODUCT_NAME = "$(TARGET_NAME)";
				SWIFT_VERSION = 5.0;
				TARGETED_DEVICE_FAMILY = "1,2";
				TEST_TARGET_NAME = "Stop Watch";
			};
			name = Debug;
		};
		CB608876238F2639003D0402 /* Release */ = {
			isa = XCBuildConfiguration;
			buildSettings = {
				ALWAYS_EMBED_SWIFT_STANDARD_LIBRARIES = YES;
				CODE_SIGN_STYLE = Automatic;
				DEVELOPMENT_TEAM = GQ7482SKGQ;
				INFOPLIST_FILE = "Stop WatchUITests/Info.plist";
				LD_RUNPATH_SEARCH_PATHS = (
					"$(inherited)",
					"@executable_path/Frameworks",
					"@loader_path/Frameworks",
				);
				PRODUCT_BUNDLE_IDENTIFIER = "Oguzhan-Janberk.Stop-WatchUITests";
				PRODUCT_NAME = "$(TARGET_NAME)";
				SWIFT_VERSION = 5.0;
				TARGETED_DEVICE_FAMILY = "1,2";
				TEST_TARGET_NAME = "Stop Watch";
			};
			name = Release;
		};
/* End XCBuildConfiguration section */

/* Begin XCConfigurationList section */
		CB60883F238F2632003D0402 /* Build configuration list for PBXProject "Stop Watch" */ = {
			isa = XCConfigurationList;
			buildConfigurations = (
				CB60886C238F2639003D0402 /* Debug */,
				CB60886D238F2639003D0402 /* Release */,
			);
			defaultConfigurationIsVisible = 0;
			defaultConfigurationName = Release;
		};
		CB60886E238F2639003D0402 /* Build configuration list for PBXNativeTarget "Stop Watch" */ = {
			isa = XCConfigurationList;
			buildConfigurations = (
				CB60886F238F2639003D0402 /* Debug */,
				CB608870238F2639003D0402 /* Release */,
			);
			defaultConfigurationIsVisible = 0;
			defaultConfigurationName = Release;
		};
		CB608871238F2639003D0402 /* Build configuration list for PBXNativeTarget "Stop WatchTests" */ = {
			isa = XCConfigurationList;
			buildConfigurations = (
				CB608872238F2639003D0402 /* Debug */,
				CB608873238F2639003D0402 /* Release */,
			);
			defaultConfigurationIsVisible = 0;
			defaultConfigurationName = Release;
		};
		CB608874238F2639003D0402 /* Build configuration list for PBXNativeTarget "Stop WatchUITests" */ = {
			isa = XCConfigurationList;
			buildConfigurations = (
				CB608875238F2639003D0402 /* Debug */,
				CB608876238F2639003D0402 /* Release */,
			);
			defaultConfigurationIsVisible = 0;
			defaultConfigurationName = Release;
		};
/* End XCConfigurationList section */
	};
	rootObject = CB60883C238F2632003D0402 /* Project object */;
}
